
Microsoft Visual Studio Solution File, Format Version 12.00
# Visual Studio Version 17
VisualStudioVersion = 17.4.33110.190
MinimumVisualStudioVersion = 10.0.40219.1
Project("{FAE04EC0-301F-11D3-BF4B-00C04F79EFBC}") = "app", "app.csproj", "{1B0B040C-09B1-406C-91E0-4DC0279A2CD1}"
EndProject
Global
	GlobalSection(SolutionConfigurationPlatforms) = preSolution
		Debug|Any CPU = Debug|Any CPU
		Release|Any CPU = Release|Any CPU
	EndGlobalSection
	GlobalSection(ProjectConfigurationPlatforms) = postSolution
		{1B0B040C-09B1-406C-91E0-4DC0279A2CD1}.Debug|Any CPU.ActiveCfg = Debug|Any CPU
		{1B0B040C-09B1-406C-91E0-4DC0279A2CD1}.Debug|Any CPU.Build.0 = Debug|Any CPU
		{1B0B040C-09B1-406C-91E0-4DC0279A2CD1}.Release|Any CPU.ActiveCfg = Release|Any CPU
		{1B0B040C-09B1-406C-91E0-4DC0279A2CD1}.Release|Any CPU.Build.0 = Release|Any CPU
	EndGlobalSection
	GlobalSection(SolutionProperties) = preSolution
		HideSolutionNode = FALSE
	EndGlobalSection
	GlobalSection(ExtensibilityGlobals) = postSolution
		SolutionGuid = {AFB7CAA5-1A9E-4F15-9E12-8779FEDDC74F}
	EndGlobalSection
EndGlobal
